
Microsoft Visual Studio Solution File, Format Version 12.00
# Visual Studio Version 17
VisualStudioVersion = 17.9.34607.119
MinimumVisualStudioVersion = 10.0.40219.1
Project("{FAE04EC0-301F-11D3-BF4B-00C04F79EFBC}") = "convert_word_number", "convert_word_number\convert_word_number.csproj", "{7A97BC4E-77EC-4BB3-8DEB-CA6CB3E1E60C}"
EndProject
Global
	GlobalSection(SolutionConfigurationPlatforms) = preSolution
		Debug|Any CPU = Debug|Any CPU
		Release|Any CPU = Release|Any CPU
	EndGlobalSection
	GlobalSection(ProjectConfigurationPlatforms) = postSolution
		{7A97BC4E-77EC-4BB3-8DEB-CA6CB3E1E60C}.Debug|Any CPU.ActiveCfg = Debug|Any CPU
		{7A97BC4E-77EC-4BB3-8DEB-CA6CB3E1E60C}.Debug|Any CPU.Build.0 = Debug|Any CPU
		{7A97BC4E-77EC-4BB3-8DEB-CA6CB3E1E60C}.Release|Any CPU.ActiveCfg = Release|Any CPU
		{7A97BC4E-77EC-4BB3-8DEB-CA6CB3E1E60C}.Release|Any CPU.Build.0 = Release|Any CPU
	EndGlobalSection
	GlobalSection(SolutionProperties) = preSolution
		HideSolutionNode = FALSE
	EndGlobalSection
	GlobalSection(ExtensibilityGlobals) = postSolution
		SolutionGuid = {6B2375EF-A305-4D4B-9198-7027AB71DA40}
	EndGlobalSection
EndGlobal
